
Microsoft Visual Studio Solution File, Format Version 12.00
# Visual Studio 15
VisualStudioVersion = 15.0.26124.0
MinimumVisualStudioVersion = 15.0.26124.0
Project("{2150E333-8FDC-42A3-9474-1A3956D46DE8}") = "src", "src", "{5E18A42B-656C-47B4-A77B-A0352559799F}"
EndProject
Project("{F2A71F9B-5D33-465A-A702-920D77279786}") = "App", "src\App\App.fsproj", "{B5C50993-3A90-4783-B911-5A3535390B5D}"
EndProject
Global
	GlobalSection(SolutionConfigurationPlatforms) = preSolution
		Debug|Any CPU = Debug|Any CPU
		Debug|x64 = Debug|x64
		Debug|x86 = Debug|x86
		Release|Any CPU = Release|Any CPU
		Release|x64 = Release|x64
		Release|x86 = Release|x86
	EndGlobalSection
	GlobalSection(SolutionProperties) = preSolution
		HideSolutionNode = FALSE
	EndGlobalSection
	GlobalSection(ProjectConfigurationPlatforms) = postSolution
		{B5C50993-3A90-4783-B911-5A3535390B5D}.Debug|Any CPU.ActiveCfg = Debug|Any CPU
		{B5C50993-3A90-4783-B911-5A3535390B5D}.Debug|Any CPU.Build.0 = Debug|Any CPU
		{B5C50993-3A90-4783-B911-5A3535390B5D}.Debug|x64.ActiveCfg = Debug|Any CPU
		{B5C50993-3A90-4783-B911-5A3535390B5D}.Debug|x64.Build.0 = Debug|Any CPU
		{B5C50993-3A90-4783-B911-5A3535390B5D}.Debug|x86.ActiveCfg = Debug|Any CPU
		{B5C50993-3A90-4783-B911-5A3535390B5D}.Debug|x86.Build.0 = Debug|Any CPU
		{B5C50993-3A90-4783-B911-5A3535390B5D}.Release|Any CPU.ActiveCfg = Release|Any CPU
		{B5C50993-3A90-4783-B911-5A3535390B5D}.Release|Any CPU.Build.0 = Release|Any CPU
		{B5C50993-3A90-4783-B911-5A3535390B5D}.Release|x64.ActiveCfg = Release|Any CPU
		{B5C50993-3A90-4783-B911-5A3535390B5D}.Release|x64.Build.0 = Release|Any CPU
		{B5C50993-3A90-4783-B911-5A3535390B5D}.Release|x86.ActiveCfg = Release|Any CPU
		{B5C50993-3A90-4783-B911-5A3535390B5D}.Release|x86.Build.0 = Release|Any CPU
	EndGlobalSection
	GlobalSection(NestedProjects) = preSolution
		{B5C50993-3A90-4783-B911-5A3535390B5D} = {5E18A42B-656C-47B4-A77B-A0352559799F}
	EndGlobalSection
EndGlobal
